
Microsoft Visual Studio Solution File, Format Version 12.00
# Visual Studio Version 17
VisualStudioVersion = 17.5.002.0
MinimumVisualStudioVersion = 10.0.40219.1
Project("{9A19103F-16F7-4668-BE54-9A1E7A4F7556}") = "NativeAotSample", "NativeAotSample.csproj", "{03739297-A0B5-44AD-B5A8-CD4A5971CB0A}"
EndProject
Global
	GlobalSection(SolutionConfigurationPlatforms) = preSolution
		Debug|Any CPU = Debug|Any CPU
		Release|Any CPU = Release|Any CPU
	EndGlobalSection
	GlobalSection(ProjectConfigurationPlatforms) = postSolution
		{03739297-A0B5-44AD-B5A8-CD4A5971CB0A}.Debug|Any CPU.ActiveCfg = Debug|Any CPU
		{03739297-A0B5-44AD-B5A8-CD4A5971CB0A}.Debug|Any CPU.Build.0 = Debug|Any CPU
		{03739297-A0B5-44AD-B5A8-CD4A5971CB0A}.Release|Any CPU.ActiveCfg = Release|Any CPU
		{03739297-A0B5-44AD-B5A8-CD4A5971CB0A}.Release|Any CPU.Build.0 = Release|Any CPU
	EndGlobalSection
	GlobalSection(SolutionProperties) = preSolution
		HideSolutionNode = FALSE
	EndGlobalSection
	GlobalSection(ExtensibilityGlobals) = postSolution
		SolutionGuid = {6BD89859-C723-40FE-924A-2AF0236D7933}
	EndGlobalSection
EndGlobal
